// !$*UTF8*$!
{
	archiveVersion = 1;
	classes = {
	};
	objectVersion = 46;
	objects = {

/* Begin PBXBuildFile section */
		153338361EF11AE1007B73B3 /* main.swift in Sources */ = {isa = PBXBuildFile; fileRef = 153338351EF11AE1007B73B3 /* main.swift */; };
		153338411EF1353B007B73B3 /* main.swift in Sources */ = {isa = PBXBuildFile; fileRef = 153338401EF1353B007B73B3 /* main.swift */; };
		155AFF1A1EEEBE2200696E8C /* main.swift in Sources */ = {isa = PBXBuildFile; fileRef = 155AFF191EEEBE2200696E8C /* main.swift */; };
		E7278BC91EF0460900BD0AC0 /* main.swift in Sources */ = {isa = PBXBuildFile; fileRef = E7278BC81EF0460900BD0AC0 /* main.swift */; };
		E7278C101EF19C9200BD0AC0 /* main.swift in Sources */ = {isa = PBXBuildFile; fileRef = E7278C0F1EF19C9200BD0AC0 /* main.swift */; };
/* End PBXBuildFile section */

/* Begin PBXCopyFilesBuildPhase section */
		153338311EF11AE1007B73B3 /* CopyFiles */ = {
			isa = PBXCopyFilesBuildPhase;
			buildActionMask = 2147483647;
			dstPath = /usr/share/man/man1/;
			dstSubfolderSpec = 0;
			files = (
			);
			runOnlyForDeploymentPostprocessing = 1;
		};
		1533383C1EF1353B007B73B3 /* CopyFiles */ = {
			isa = PBXCopyFilesBuildPhase;
			buildActionMask = 2147483647;
			dstPath = /usr/share/man/man1/;
			dstSubfolderSpec = 0;
			files = (
			);
			runOnlyForDeploymentPostprocessing = 1;
		};
		155AFF141EEEBE2200696E8C /* CopyFiles */ = {
			isa = PBXCopyFilesBuildPhase;
			buildActionMask = 2147483647;
			dstPath = /usr/share/man/man1/;
			dstSubfolderSpec = 0;
			files = (
			);
			runOnlyForDeploymentPostprocessing = 1;
		};
		E7278BC41EF0460900BD0AC0 /* CopyFiles */ = {
			isa = PBXCopyFilesBuildPhase;
			buildActionMask = 2147483647;
			dstPath = /usr/share/man/man1/;
			dstSubfolderSpec = 0;
			files = (
			);
			runOnlyForDeploymentPostprocessing = 1;
		};
		E7278C0B1EF19C9200BD0AC0 /* CopyFiles */ = {
			isa = PBXCopyFilesBuildPhase;
			buildActionMask = 2147483647;
			dstPath = /usr/share/man/man1/;
			dstSubfolderSpec = 0;
			files = (
			);
			runOnlyForDeploymentPostprocessing = 1;
		};
/* End PBXCopyFilesBuildPhase section */

/* Begin PBXFileReference section */
		153338331EF11AE1007B73B3 /* 02控制流 */ = {isa = PBXFileReference; explicitFileType = "compiled.mach-o.executable"; includeInIndex = 0; path = "02控制流"; sourceTree = BUILT_PRODUCTS_DIR; };
		153338351EF11AE1007B73B3 /* main.swift */ = {isa = PBXFileReference; lastKnownFileType = sourcecode.swift; path = main.swift; sourceTree = "<group>"; };
		1533383E1EF1353B007B73B3 /* 03字符串和集合 */ = {isa = PBXFileReference; explicitFileType = "compiled.mach-o.executable"; includeInIndex = 0; path = "03字符串和集合"; sourceTree = BUILT_PRODUCTS_DIR; };
		153338401EF1353B007B73B3 /* main.swift */ = {isa = PBXFileReference; lastKnownFileType = sourcecode.swift; path = main.swift; sourceTree = "<group>"; };
		155AFF161EEEBE2200696E8C /* LearnSwift */ = {isa = PBXFileReference; explicitFileType = "compiled.mach-o.executable"; includeInIndex = 0; path = LearnSwift; sourceTree = BUILT_PRODUCTS_DIR; };
		155AFF191EEEBE2200696E8C /* main.swift */ = {isa = PBXFileReference; lastKnownFileType = sourcecode.swift; path = main.swift; sourceTree = "<group>"; };
		E7278BC61EF0460900BD0AC0 /* 01 基本语法 */ = {isa = PBXFileReference; explicitFileType = "compiled.mach-o.executable"; includeInIndex = 0; path = "01 基本语法"; sourceTree = BUILT_PRODUCTS_DIR; };
		E7278BC81EF0460900BD0AC0 /* main.swift */ = {isa = PBXFileReference; lastKnownFileType = sourcecode.swift; path = main.swift; sourceTree = "<group>"; };
		E7278C0D1EF19C9200BD0AC0 /* 04函数闭包枚举 */ = {isa = PBXFileReference; explicitFileType = "compiled.mach-o.executable"; includeInIndex = 0; path = "04函数闭包枚举"; sourceTree = BUILT_PRODUCTS_DIR; };
		E7278C0F1EF19C9200BD0AC0 /* main.swift */ = {isa = PBXFileReference; lastKnownFileType = sourcecode.swift; path = main.swift; sourceTree = "<group>"; };
/* End PBXFileReference section */

/* Begin PBXFrameworksBuildPhase section */
		153338301EF11AE1007B73B3 /* Frameworks */ = {
			isa = PBXFrameworksBuildPhase;
			buildActionMask = 2147483647;
			files = (
			);
			runOnlyForDeploymentPostprocessing = 0;
		};
		1533383B1EF1353B007B73B3 /* Frameworks */ = {
			isa = PBXFrameworksBuildPhase;
			buildActionMask = 2147483647;
			files = (
			);
			runOnlyForDeploymentPostprocessing = 0;
		};
		155AFF131EEEBE2200696E8C /* Frameworks */ = {
			isa = PBXFrameworksBuildPhase;
			buildActionMask = 2147483647;
			files = (
			);
			runOnlyForDeploymentPostprocessing = 0;
		};
		E7278BC31EF0460900BD0AC0 /* Frameworks */ = {
			isa = PBXFrameworksBuildPhase;
			buildActionMask = 2147483647;
			files = (
			);
			runOnlyForDeploymentPostprocessing = 0;
		};
		E7278C0A1EF19C9200BD0AC0 /* Frameworks */ = {
			isa = PBXFrameworksBuildPhase;
			buildActionMask = 2147483647;
			files = (
			);
			runOnlyForDeploymentPostprocessing = 0;
		};
/* End PBXFrameworksBuildPhase section */

/* Begin PBXGroup section */
		153338341EF11AE1007B73B3 /* 02控制流 */ = {
			isa = PBXGroup;
			children = (
				153338351EF11AE1007B73B3 /* main.swift */,
			);
			path = "02控制流";
			sourceTree = "<group>";
		};
		1533383F1EF1353B007B73B3 /* 03字符串和集合 */ = {
			isa = PBXGroup;
			children = (
				153338401EF1353B007B73B3 /* main.swift */,
			);
			path = "03字符串和集合";
			sourceTree = "<group>";
		};
		155AFF0D1EEEBE2200696E8C = {
			isa = PBXGroup;
			children = (
				155AFF181EEEBE2200696E8C /* LearnSwift */,
				E7278BC71EF0460900BD0AC0 /* 01 基本语法 */,
				153338341EF11AE1007B73B3 /* 02控制流 */,
				1533383F1EF1353B007B73B3 /* 03字符串和集合 */,
				E7278C0E1EF19C9200BD0AC0 /* 04函数闭包枚举 */,
				155AFF171EEEBE2200696E8C /* Products */,
			);
			sourceTree = "<group>";
		};
		155AFF171EEEBE2200696E8C /* Products */ = {
			isa = PBXGroup;
			children = (
				155AFF161EEEBE2200696E8C /* LearnSwift */,
				E7278BC61EF0460900BD0AC0 /* 01 基本语法 */,
				153338331EF11AE1007B73B3 /* 02控制流 */,
				1533383E1EF1353B007B73B3 /* 03字符串和集合 */,
				E7278C0D1EF19C9200BD0AC0 /* 04函数闭包枚举 */,
			);
			name = Products;
			sourceTree = "<group>";
		};
		155AFF181EEEBE2200696E8C /* LearnSwift */ = {
			isa = PBXGroup;
			children = (
				155AFF191EEEBE2200696E8C /* main.swift */,
			);
			path = LearnSwift;
			sourceTree = "<group>";
		};
		E7278BC71EF0460900BD0AC0 /* 01 基本语法 */ = {
			isa = PBXGroup;
			children = (
				E7278BC81EF0460900BD0AC0 /* main.swift */,
			);
			path = "01 基本语法";
			sourceTree = "<group>";
		};
		E7278C0E1EF19C9200BD0AC0 /* 04函数闭包枚举 */ = {
			isa = PBXGroup;
			children = (
				E7278C0F1EF19C9200BD0AC0 /* main.swift */,
			);
			path = "04函数闭包枚举";
			sourceTree = "<group>";
		};
/* End PBXGroup section */

/* Begin PBXNativeTarget section */
		153338321EF11AE1007B73B3 /* 02控制流 */ = {
			isa = PBXNativeTarget;
			buildConfigurationList = 153338391EF11AE1007B73B3 /* Build configuration list for PBXNativeTarget "02控制流" */;
			buildPhases = (
				1533382F1EF11AE1007B73B3 /* Sources */,
				153338301EF11AE1007B73B3 /* Frameworks */,
				153338311EF11AE1007B73B3 /* CopyFiles */,
			);
			buildRules = (
			);
			dependencies = (
			);
			name = "02控制流";
			productName = "02控制流";
			productReference = 153338331EF11AE1007B73B3 /* 02控制流 */;
			productType = "com.apple.product-type.tool";
		};
		1533383D1EF1353B007B73B3 /* 03字符串和集合 */ = {
			isa = PBXNativeTarget;
			buildConfigurationList = 153338421EF1353B007B73B3 /* Build configuration list for PBXNativeTarget "03字符串和集合" */;
			buildPhases = (
				1533383A1EF1353B007B73B3 /* Sources */,
				1533383B1EF1353B007B73B3 /* Frameworks */,
				1533383C1EF1353B007B73B3 /* CopyFiles */,
			);
			buildRules = (
			);
			dependencies = (
			);
			name = "03字符串和集合";
			productName = "03字符串和集合";
			productReference = 1533383E1EF1353B007B73B3 /* 03字符串和集合 */;
			productType = "com.apple.product-type.tool";
		};
		155AFF151EEEBE2200696E8C /* LearnSwift */ = {
			isa = PBXNativeTarget;
			buildConfigurationList = 155AFF1D1EEEBE2200696E8C /* Build configuration list for PBXNativeTarget "LearnSwift" */;
			buildPhases = (
				155AFF121EEEBE2200696E8C /* Sources */,
				155AFF131EEEBE2200696E8C /* Frameworks */,
				155AFF141EEEBE2200696E8C /* CopyFiles */,
			);
			buildRules = (
			);
			dependencies = (
			);
			name = LearnSwift;
			productName = LearnSwift;
			productReference = 155AFF161EEEBE2200696E8C /* LearnSwift */;
			productType = "com.apple.product-type.tool";
		};
		E7278BC51EF0460900BD0AC0 /* 01 基本语法 */ = {
			isa = PBXNativeTarget;
			buildConfigurationList = E7278BCC1EF0460900BD0AC0 /* Build configuration list for PBXNativeTarget "01 基本语法" */;
			buildPhases = (
				E7278BC21EF0460900BD0AC0 /* Sources */,
				E7278BC31EF0460900BD0AC0 /* Frameworks */,
				E7278BC41EF0460900BD0AC0 /* CopyFiles */,
			);
			buildRules = (
			);
			dependencies = (
			);
			name = "01 基本语法";
			productName = "01 基本语法";
			productReference = E7278BC61EF0460900BD0AC0 /* 01 基本语法 */;
			productType = "com.apple.product-type.tool";
		};
		E7278C0C1EF19C9200BD0AC0 /* 04函数闭包枚举 */ = {
			isa = PBXNativeTarget;
			buildConfigurationList = E7278C111EF19C9200BD0AC0 /* Build configuration list for PBXNativeTarget "04函数闭包枚举" */;
			buildPhases = (
				E7278C091EF19C9200BD0AC0 /* Sources */,
				E7278C0A1EF19C9200BD0AC0 /* Frameworks */,
				E7278C0B1EF19C9200BD0AC0 /* CopyFiles */,
			);
			buildRules = (
			);
			dependencies = (
			);
			name = "04函数闭包枚举";
			productName = "04函数闭包枚举";
			productReference = E7278C0D1EF19C9200BD0AC0 /* 04函数闭包枚举 */;
			productType = "com.apple.product-type.tool";
		};
/* End PBXNativeTarget section */

/* Begin PBXProject section */
		155AFF0E1EEEBE2200696E8C /* Project object */ = {
			isa = PBXProject;
			attributes = {
				LastSwiftUpdateCheck = 0830;
				LastUpgradeCheck = 0830;
				ORGANIZATIONNAME = www.dahuatech.com;
				TargetAttributes = {
					153338321EF11AE1007B73B3 = {
						CreatedOnToolsVersion = 8.3.1;
						ProvisioningStyle = Automatic;
					};
					1533383D1EF1353B007B73B3 = {
						CreatedOnToolsVersion = 8.3.1;
						ProvisioningStyle = Automatic;
					};
					155AFF151EEEBE2200696E8C = {
						CreatedOnToolsVersion = 8.3.1;
						ProvisioningStyle = Automatic;
					};
					E7278BC51EF0460900BD0AC0 = {
						CreatedOnToolsVersion = 8.3.3;
						ProvisioningStyle = Automatic;
					};
					E7278C0C1EF19C9200BD0AC0 = {
						CreatedOnToolsVersion = 8.3.3;
						ProvisioningStyle = Automatic;
					};
				};
			};
			buildConfigurationList = 155AFF111EEEBE2200696E8C /* Build configuration list for PBXProject "LearnSwift" */;
			compatibilityVersion = "Xcode 3.2";
			developmentRegion = English;
			hasScannedForEncodings = 0;
			knownRegions = (
				en,
			);
			mainGroup = 155AFF0D1EEEBE2200696E8C;
			productRefGroup = 155AFF171EEEBE2200696E8C /* Products */;
			projectDirPath = "";
			projectRoot = "";
			targets = (
				155AFF151EEEBE2200696E8C /* LearnSwift */,
				E7278BC51EF0460900BD0AC0 /* 01 基本语法 */,
				153338321EF11AE1007B73B3 /* 02控制流 */,
				1533383D1EF1353B007B73B3 /* 03字符串和集合 */,
				E7278C0C1EF19C9200BD0AC0 /* 04函数闭包枚举 */,
			);
		};
/* End PBXProject section */

/* Begin PBXSourcesBuildPhase section */
		1533382F1EF11AE1007B73B3 /* Sources */ = {
			isa = PBXSourcesBuildPhase;
			buildActionMask = 2147483647;
			files = (
				153338361EF11AE1007B73B3 /* main.swift in Sources */,
			);
			runOnlyForDeploymentPostprocessing = 0;
		};
		1533383A1EF1353B007B73B3 /* Sources */ = {
			isa = PBXSourcesBuildPhase;
			buildActionMask = 2147483647;
			files = (
				153338411EF1353B007B73B3 /* main.swift in Sources */,
			);
			runOnlyForDeploymentPostprocessing = 0;
		};
		155AFF121EEEBE2200696E8C /* Sources */ = {
			isa = PBXSourcesBuildPhase;
			buildActionMask = 2147483647;
			files = (
				155AFF1A1EEEBE2200696E8C /* main.swift in Sources */,
			);
			runOnlyForDeploymentPostprocessing = 0;
		};
		E7278BC21EF0460900BD0AC0 /* Sources */ = {
			isa = PBXSourcesBuildPhase;
			buildActionMask = 2147483647;
			files = (
				E7278BC91EF0460900BD0AC0 /* main.swift in Sources */,
			);
			runOnlyForDeploymentPostprocessing = 0;
		};
		E7278C091EF19C9200BD0AC0 /* Sources */ = {
			isa = PBXSourcesBuildPhase;
			buildActionMask = 2147483647;
			files = (
				E7278C101EF19C9200BD0AC0 /* main.swift in Sources */,
			);
			runOnlyForDeploymentPostprocessing = 0;
		};
/* End PBXSourcesBuildPhase section */

/* Begin XCBuildConfiguration section */
		153338371EF11AE1007B73B3 /* Debug */ = {
			isa = XCBuildConfiguration;
			buildSettings = {
				PRODUCT_NAME = "$(TARGET_NAME)";
				SWIFT_VERSION = 3.0;
			};
			name = Debug;
		};
		153338381EF11AE1007B73B3 /* Release */ = {
			isa = XCBuildConfiguration;
			buildSettings = {
				PRODUCT_NAME = "$(TARGET_NAME)";
				SWIFT_VERSION = 3.0;
			};
			name = Release;
		};
		153338431EF1353B007B73B3 /* Debug */ = {
			isa = XCBuildConfiguration;
			buildSettings = {
				PRODUCT_NAME = "$(TARGET_NAME)";
				SWIFT_VERSION = 3.0;
			};
			name = Debug;
		};
		153338441EF1353B007B73B3 /* Release */ = {
			isa = XCBuildConfiguration;
			buildSettings = {
				PRODUCT_NAME = "$(TARGET_NAME)";
				SWIFT_VERSION = 3.0;
			};
			name = Release;
		};
		155AFF1B1EEEBE2200696E8C /* Debug */ = {
			isa = XCBuildConfiguration;
			buildSettings = {
				ALWAYS_SEARCH_USER_PATHS = NO;
				CLANG_ANALYZER_NONNULL = YES;
				CLANG_ANALYZER_NUMBER_OBJECT_CONVERSION = YES_AGGRESSIVE;
				CLANG_CXX_LANGUAGE_STANDARD = "gnu++0x";
				CLANG_CXX_LIBRARY = "libc++";
				CLANG_ENABLE_MODULES = YES;
				CLANG_ENABLE_OBJC_ARC = YES;
				CLANG_WARN_BOOL_CONVERSION = YES;
				CLANG_WARN_CONSTANT_CONVERSION = YES;
				CLANG_WARN_DIRECT_OBJC_ISA_USAGE = YES_ERROR;
				CLANG_WARN_DOCUMENTATION_COMMENTS = YES;
				CLANG_WARN_EMPTY_BODY = YES;
				CLANG_WARN_ENUM_CONVERSION = YES;
				CLANG_WARN_INFINITE_RECURSION = YES;
				CLANG_WARN_INT_CONVERSION = YES;
				CLANG_WARN_OBJC_ROOT_CLASS = YES_ERROR;
				CLANG_WARN_SUSPICIOUS_MOVE = YES;
				CLANG_WARN_UNREACHABLE_CODE = YES;
				CLANG_WARN__DUPLICATE_METHOD_MATCH = YES;
				CODE_SIGN_IDENTITY = "-";
				COPY_PHASE_STRIP = NO;
				DEBUG_INFORMATION_FORMAT = dwarf;
				ENABLE_STRICT_OBJC_MSGSEND = YES;
				ENABLE_TESTABILITY = YES;
				GCC_C_LANGUAGE_STANDARD = gnu99;
				GCC_DYNAMIC_NO_PIC = NO;
				GCC_NO_COMMON_BLOCKS = YES;
				GCC_OPTIMIZATION_LEVEL = 0;
				GCC_PREPROCESSOR_DEFINITIONS = (
					"DEBUG=1",
					"$(inherited)",
				);
				GCC_WARN_64_TO_32_BIT_CONVERSION = YES;
				GCC_WARN_ABOUT_RETURN_TYPE = YES_ERROR;
				GCC_WARN_UNDECLARED_SELECTOR = YES;
				GCC_WARN_UNINITIALIZED_AUTOS = YES_AGGRESSIVE;
				GCC_WARN_UNUSED_FUNCTION = YES;
				GCC_WARN_UNUSED_VARIABLE = YES;
				MACOSX_DEPLOYMENT_TARGET = 10.12;
				MTL_ENABLE_DEBUG_INFO = YES;
				ONLY_ACTIVE_ARCH = YES;
				SDKROOT = macosx;
				SWIFT_OPTIMIZATION_LEVEL = "-Onone";
			};
			name = Debug;
		};
		155AFF1C1EEEBE2200696E8C /* Release */ = {
			isa = XCBuildConfiguration;
			buildSettings = {
				ALWAYS_SEARCH_USER_PATHS = NO;
				CLANG_ANALYZER_NONNULL = YES;
				CLANG_ANALYZER_NUMBER_OBJECT_CONVERSION = YES_AGGRESSIVE;
				CLANG_CXX_LANGUAGE_STANDARD = "gnu++0x";
				CLANG_CXX_LIBRARY = "libc++";
				CLANG_ENABLE_MODULES = YES;
				CLANG_ENABLE_OBJC_ARC = YES;
				CLANG_WARN_BOOL_CONVERSION = YES;
				CLANG_WARN_CONSTANT_CONVERSION = YES;
				CLANG_WARN_DIRECT_OBJC_ISA_USAGE = YES_ERROR;
				CLANG_WARN_DOCUMENTATION_COMMENTS = YES;
				CLANG_WARN_EMPTY_BODY = YES;
				CLANG_WARN_ENUM_CONVERSION = YES;
				CLANG_WARN_INFINITE_RECURSION = YES;
				CLANG_WARN_INT_CONVERSION = YES;
				CLANG_WARN_OBJC_ROOT_CLASS = YES_ERROR;
				CLANG_WARN_SUSPICIOUS_MOVE = YES;
				CLANG_WARN_UNREACHABLE_CODE = YES;
				CLANG_WARN__DUPLICATE_METHOD_MATCH = YES;
				CODE_SIGN_IDENTITY = "-";
				COPY_PHASE_STRIP = NO;
				DEBUG_INFORMATION_FORMAT = "dwarf-with-dsym";
				ENABLE_NS_ASSERTIONS = NO;
				ENABLE_STRICT_OBJC_MSGSEND = YES;
				GCC_C_LANGUAGE_STANDARD = gnu99;
				GCC_NO_COMMON_BLOCKS = YES;
				GCC_WARN_64_TO_32_BIT_CONVERSION = YES;
				GCC_WARN_ABOUT_RETURN_TYPE = YES_ERROR;
				GCC_WARN_UNDECLARED_SELECTOR = YES;
				GCC_WARN_UNINITIALIZED_AUTOS = YES_AGGRESSIVE;
				GCC_WARN_UNUSED_FUNCTION = YES;
				GCC_WARN_UNUSED_VARIABLE = YES;
				MACOSX_DEPLOYMENT_TARGET = 10.12;
				MTL_ENABLE_DEBUG_INFO = NO;
				SDKROOT = macosx;
			};
			name = Release;
		};
		155AFF1E1EEEBE2200696E8C /* Debug */ = {
			isa = XCBuildConfiguration;
			buildSettings = {
				PRODUCT_NAME = "$(TARGET_NAME)";
				SWIFT_VERSION = 3.0;
			};
			name = Debug;
		};
		155AFF1F1EEEBE2200696E8C /* Release */ = {
			isa = XCBuildConfiguration;
			buildSettings = {
				PRODUCT_NAME = "$(TARGET_NAME)";
				SWIFT_VERSION = 3.0;
			};
			name = Release;
		};
		E7278BCA1EF0460900BD0AC0 /* Debug */ = {
			isa = XCBuildConfiguration;
			buildSettings = {
				PRODUCT_NAME = "$(TARGET_NAME)";
				SWIFT_VERSION = 3.0;
			};
			name = Debug;
		};
		E7278BCB1EF0460900BD0AC0 /* Release */ = {
			isa = XCBuildConfiguration;
			buildSettings = {
				PRODUCT_NAME = "$(TARGET_NAME)";
				SWIFT_VERSION = 3.0;
			};
			name = Release;
		};
		E7278C121EF19C9200BD0AC0 /* Debug */ = {
			isa = XCBuildConfiguration;
			buildSettings = {
				PRODUCT_NAME = "$(TARGET_NAME)";
				SWIFT_VERSION = 3.0;
			};
			name = Debug;
		};
		E7278C131EF19C9200BD0AC0 /* Release */ = {
			isa = XCBuildConfiguration;
			buildSettings = {
				PRODUCT_NAME = "$(TARGET_NAME)";
				SWIFT_VERSION = 3.0;
			};
			name = Release;
		};
/* End XCBuildConfiguration section */

/* Begin XCConfigurationList section */
		153338391EF11AE1007B73B3 /* Build configuration list for PBXNativeTarget "02控制流" */ = {
			isa = XCConfigurationList;
			buildConfigurations = (
				153338371EF11AE1007B73B3 /* Debug */,
				153338381EF11AE1007B73B3 /* Release */,
			);
			defaultConfigurationIsVisible = 0;
			defaultConfigurationName = Release;
		};
		153338421EF1353B007B73B3 /* Build configuration list for PBXNativeTarget "03字符串和集合" */ = {
			isa = XCConfigurationList;
			buildConfigurations = (
				153338431EF1353B007B73B3 /* Debug */,
				153338441EF1353B007B73B3 /* Release */,
			);
			defaultConfigurationIsVisible = 0;
			defaultConfigurationName = Release;
		};
		155AFF111EEEBE2200696E8C /* Build configuration list for PBXProject "LearnSwift" */ = {
			isa = XCConfigurationList;
			buildConfigurations = (
				155AFF1B1EEEBE2200696E8C /* Debug */,
				155AFF1C1EEEBE2200696E8C /* Release */,
			);
			defaultConfigurationIsVisible = 0;
			defaultConfigurationName = Release;
		};
		155AFF1D1EEEBE2200696E8C /* Build configuration list for PBXNativeTarget "LearnSwift" */ = {
			isa = XCConfigurationList;
			buildConfigurations = (
				155AFF1E1EEEBE2200696E8C /* Debug */,
				155AFF1F1EEEBE2200696E8C /* Release */,
			);
			defaultConfigurationIsVisible = 0;
			defaultConfigurationName = Release;
		};
		E7278BCC1EF0460900BD0AC0 /* Build configuration list for PBXNativeTarget "01 基本语法" */ = {
			isa = XCConfigurationList;
			buildConfigurations = (
				E7278BCA1EF0460900BD0AC0 /* Debug */,
				E7278BCB1EF0460900BD0AC0 /* Release */,
			);
			defaultConfigurationIsVisible = 0;
			defaultConfigurationName = Release;
		};
		E7278C111EF19C9200BD0AC0 /* Build configuration list for PBXNativeTarget "04函数闭包枚举" */ = {
			isa = XCConfigurationList;
			buildConfigurations = (
				E7278C121EF19C9200BD0AC0 /* Debug */,
				E7278C131EF19C9200BD0AC0 /* Release */,
			);
			defaultConfigurationIsVisible = 0;
			defaultConfigurationName = Release;
		};
/* End XCConfigurationList section */
	};
	rootObject = 155AFF0E1EEEBE2200696E8C /* Project object */;
}
